
Microsoft Visual Studio Solution File, Format Version 12.00
Project("{FAE04EC0-301F-11D3-BF4B-00C04F79EFBC}") = "Equations", "Equations\Equations.csproj", "{02D689A9-DE92-4DF2-A7AE-5C553580D969}"
EndProject
Global
	GlobalSection(SolutionConfigurationPlatforms) = preSolution
		Debug|Any CPU = Debug|Any CPU
		Release|Any CPU = Release|Any CPU
	EndGlobalSection
	GlobalSection(ProjectConfigurationPlatforms) = postSolution
		{02D689A9-DE92-4DF2-A7AE-5C553580D969}.Debug|Any CPU.ActiveCfg = Debug|Any CPU
		{02D689A9-DE92-4DF2-A7AE-5C553580D969}.Debug|Any CPU.Build.0 = Debug|Any CPU
		{02D689A9-DE92-4DF2-A7AE-5C553580D969}.Release|Any CPU.ActiveCfg = Release|Any CPU
		{02D689A9-DE92-4DF2-A7AE-5C553580D969}.Release|Any CPU.Build.0 = Release|Any CPU
	EndGlobalSection
EndGlobal
